// !$*UTF8*$!
{
	archiveVersion = 1;
	classes = {
	};
	objectVersion = 55;
	objects = {

/* Begin PBXBuildFile section */
		25C35CFEC8903404F83D115D /* Pods_News_Crypto.framework in Frameworks */ = {isa = PBXBuildFile; fileRef = C04A53CEA37FD74161597F57 /* Pods_News_Crypto.framework */; };
		356607FE28DDF5D5001848A8 /* HomeViewController.swift in Sources */ = {isa = PBXBuildFile; fileRef = 356607FD28DDF5D5001848A8 /* HomeViewController.swift */; };
		3566080028DDF5EB001848A8 /* SettingsViewController.swift in Sources */ = {isa = PBXBuildFile; fileRef = 356607FF28DDF5EB001848A8 /* SettingsViewController.swift */; };
		3566080228DDF61D001848A8 /* WalletTableTableViewController.swift in Sources */ = {isa = PBXBuildFile; fileRef = 3566080128DDF61D001848A8 /* WalletTableTableViewController.swift */; };
		3566080528DDFCB5001848A8 /* NetworkingManager.swift in Sources */ = {isa = PBXBuildFile; fileRef = 3566080428DDFCB5001848A8 /* NetworkingManager.swift */; };
		3566080828DDFE4E001848A8 /* NewsStoryModel.swift in Sources */ = {isa = PBXBuildFile; fileRef = 3566080728DDFE4E001848A8 /* NewsStoryModel.swift */; };
		3566080A28DDFE7E001848A8 /* CoinModel.swift in Sources */ = {isa = PBXBuildFile; fileRef = 3566080928DDFE7E001848A8 /* CoinModel.swift */; };
		35D25F8128D5E68700079729 /* AppDelegate.swift in Sources */ = {isa = PBXBuildFile; fileRef = 35D25F8028D5E68700079729 /* AppDelegate.swift */; };
		35D25F8328D5E68700079729 /* SceneDelegate.swift in Sources */ = {isa = PBXBuildFile; fileRef = 35D25F8228D5E68700079729 /* SceneDelegate.swift */; };
		35D25F8528D5E68700079729 /* MainTabBarController.swift in Sources */ = {isa = PBXBuildFile; fileRef = 35D25F8428D5E68700079729 /* MainTabBarController.swift */; };
		35D25F8B28D5E68700079729 /* News_Crypto.xcdatamodeld in Sources */ = {isa = PBXBuildFile; fileRef = 35D25F8928D5E68700079729 /* News_Crypto.xcdatamodeld */; };
		35D25F8D28D5E68A00079729 /* Assets.xcassets in Resources */ = {isa = PBXBuildFile; fileRef = 35D25F8C28D5E68A00079729 /* Assets.xcassets */; };
		35D25F9028D5E68A00079729 /* LaunchScreen.storyboard in Resources */ = {isa = PBXBuildFile; fileRef = 35D25F8E28D5E68A00079729 /* LaunchScreen.storyboard */; };
		35E75B3028EE1D0300D7EB22 /* Montserrat-Regular.ttf in Resources */ = {isa = PBXBuildFile; fileRef = 35E75B2B28EE1D0300D7EB22 /* Montserrat-Regular.ttf */; };
		35E75B3128EE1D0300D7EB22 /* Montserrat-Bold.ttf in Resources */ = {isa = PBXBuildFile; fileRef = 35E75B2C28EE1D0300D7EB22 /* Montserrat-Bold.ttf */; };
		35E75B3228EE1D0300D7EB22 /* Montserrat-ExtraBold.ttf in Resources */ = {isa = PBXBuildFile; fileRef = 35E75B2D28EE1D0300D7EB22 /* Montserrat-ExtraBold.ttf */; };
		35E75B3328EE1D0300D7EB22 /* Montserrat-Light.ttf in Resources */ = {isa = PBXBuildFile; fileRef = 35E75B2E28EE1D0300D7EB22 /* Montserrat-Light.ttf */; };
		35E75B3428EE1D0300D7EB22 /* Montserrat-Medium.ttf in Resources */ = {isa = PBXBuildFile; fileRef = 35E75B2F28EE1D0300D7EB22 /* Montserrat-Medium.ttf */; };
/* End PBXBuildFile section */

/* Begin PBXFileReference section */
		1A0EE22A049942FAF34CBF91 /* Pods-News&Crypto.release.xcconfig */ = {isa = PBXFileReference; includeInIndex = 1; lastKnownFileType = text.xcconfig; name = "Pods-News&Crypto.release.xcconfig"; path = "Target Support Files/Pods-News&Crypto/Pods-News&Crypto.release.xcconfig"; sourceTree = "<group>"; };
		356607FD28DDF5D5001848A8 /* HomeViewController.swift */ = {isa = PBXFileReference; lastKnownFileType = sourcecode.swift; path = HomeViewController.swift; sourceTree = "<group>"; };
		356607FF28DDF5EB001848A8 /* SettingsViewController.swift */ = {isa = PBXFileReference; lastKnownFileType = sourcecode.swift; path = SettingsViewController.swift; sourceTree = "<group>"; };
		3566080128DDF61D001848A8 /* WalletTableTableViewController.swift */ = {isa = PBXFileReference; lastKnownFileType = sourcecode.swift; path = WalletTableTableViewController.swift; sourceTree = "<group>"; };
		3566080428DDFCB5001848A8 /* NetworkingManager.swift */ = {isa = PBXFileReference; lastKnownFileType = sourcecode.swift; path = NetworkingManager.swift; sourceTree = "<group>"; };
		3566080728DDFE4E001848A8 /* NewsStoryModel.swift */ = {isa = PBXFileReference; lastKnownFileType = sourcecode.swift; path = NewsStoryModel.swift; sourceTree = "<group>"; };
		3566080928DDFE7E001848A8 /* CoinModel.swift */ = {isa = PBXFileReference; lastKnownFileType = sourcecode.swift; path = CoinModel.swift; sourceTree = "<group>"; };
		35D25F7D28D5E68700079729 /* News&Crypto.app */ = {isa = PBXFileReference; explicitFileType = wrapper.application; includeInIndex = 0; path = "News&Crypto.app"; sourceTree = BUILT_PRODUCTS_DIR; };
		35D25F8028D5E68700079729 /* AppDelegate.swift */ = {isa = PBXFileReference; lastKnownFileType = sourcecode.swift; path = AppDelegate.swift; sourceTree = "<group>"; };
		35D25F8228D5E68700079729 /* SceneDelegate.swift */ = {isa = PBXFileReference; lastKnownFileType = sourcecode.swift; path = SceneDelegate.swift; sourceTree = "<group>"; };
		35D25F8428D5E68700079729 /* MainTabBarController.swift */ = {isa = PBXFileReference; lastKnownFileType = sourcecode.swift; path = MainTabBarController.swift; sourceTree = "<group>"; };
		35D25F8A28D5E68700079729 /* News_Crypto.xcdatamodel */ = {isa = PBXFileReference; lastKnownFileType = wrapper.xcdatamodel; path = News_Crypto.xcdatamodel; sourceTree = "<group>"; };
		35D25F8C28D5E68A00079729 /* Assets.xcassets */ = {isa = PBXFileReference; lastKnownFileType = folder.assetcatalog; path = Assets.xcassets; sourceTree = "<group>"; };
		35D25F8F28D5E68A00079729 /* Base */ = {isa = PBXFileReference; lastKnownFileType = file.storyboard; name = Base; path = Base.lproj/LaunchScreen.storyboard; sourceTree = "<group>"; };
		35D25F9128D5E68A00079729 /* Info.plist */ = {isa = PBXFileReference; lastKnownFileType = text.plist.xml; path = Info.plist; sourceTree = "<group>"; };
		35E75B2B28EE1D0300D7EB22 /* Montserrat-Regular.ttf */ = {isa = PBXFileReference; lastKnownFileType = file; path = "Montserrat-Regular.ttf"; sourceTree = "<group>"; };
		35E75B2C28EE1D0300D7EB22 /* Montserrat-Bold.ttf */ = {isa = PBXFileReference; lastKnownFileType = file; path = "Montserrat-Bold.ttf"; sourceTree = "<group>"; };
		35E75B2D28EE1D0300D7EB22 /* Montserrat-ExtraBold.ttf */ = {isa = PBXFileReference; lastKnownFileType = file; path = "Montserrat-ExtraBold.ttf"; sourceTree = "<group>"; };
		35E75B2E28EE1D0300D7EB22 /* Montserrat-Light.ttf */ = {isa = PBXFileReference; lastKnownFileType = file; path = "Montserrat-Light.ttf"; sourceTree = "<group>"; };
		35E75B2F28EE1D0300D7EB22 /* Montserrat-Medium.ttf */ = {isa = PBXFileReference; lastKnownFileType = file; path = "Montserrat-Medium.ttf"; sourceTree = "<group>"; };
		88213DE6CA5CA97E2438CB2A /* Pods-News&Crypto.debug.xcconfig */ = {isa = PBXFileReference; includeInIndex = 1; lastKnownFileType = text.xcconfig; name = "Pods-News&Crypto.debug.xcconfig"; path = "Target Support Files/Pods-News&Crypto/Pods-News&Crypto.debug.xcconfig"; sourceTree = "<group>"; };
		C04A53CEA37FD74161597F57 /* Pods_News_Crypto.framework */ = {isa = PBXFileReference; explicitFileType = wrapper.framework; includeInIndex = 0; path = Pods_News_Crypto.framework; sourceTree = BUILT_PRODUCTS_DIR; };
/* End PBXFileReference section */

/* Begin PBXFrameworksBuildPhase section */
		35D25F7A28D5E68700079729 /* Frameworks */ = {
			isa = PBXFrameworksBuildPhase;
			buildActionMask = 2147483647;
			files = (
				25C35CFEC8903404F83D115D /* Pods_News_Crypto.framework in Frameworks */,
			);
			runOnlyForDeploymentPostprocessing = 0;
		};
/* End PBXFrameworksBuildPhase section */

/* Begin PBXGroup section */
		356607FC28DDF5C0001848A8 /* Controllers */ = {
			isa = PBXGroup;
			children = (
				35D25F8428D5E68700079729 /* MainTabBarController.swift */,
				356607FD28DDF5D5001848A8 /* HomeViewController.swift */,
				356607FF28DDF5EB001848A8 /* SettingsViewController.swift */,
				3566080128DDF61D001848A8 /* WalletTableTableViewController.swift */,
			);
			path = Controllers;
			sourceTree = "<group>";
		};
		3566080328DDFC84001848A8 /* Managers */ = {
			isa = PBXGroup;
			children = (
				3566080428DDFCB5001848A8 /* NetworkingManager.swift */,
			);
			path = Managers;
			sourceTree = "<group>";
		};
		3566080628DDFE3B001848A8 /* Models */ = {
			isa = PBXGroup;
			children = (
				3566080728DDFE4E001848A8 /* NewsStoryModel.swift */,
				3566080928DDFE7E001848A8 /* CoinModel.swift */,
			);
			path = Models;
			sourceTree = "<group>";
		};
		35D25F7428D5E68700079729 = {
			isa = PBXGroup;
			children = (
				35D25F7F28D5E68700079729 /* News&Crypto */,
				35D25F7E28D5E68700079729 /* Products */,
				9A8BF1532426FF08D4F81C52 /* Pods */,
				B814258D5C139EADCDBC363E /* Frameworks */,
			);
			sourceTree = "<group>";
		};
		35D25F7E28D5E68700079729 /* Products */ = {
			isa = PBXGroup;
			children = (
				35D25F7D28D5E68700079729 /* News&Crypto.app */,
			);
			name = Products;
			sourceTree = "<group>";
		};
		35D25F7F28D5E68700079729 /* News&Crypto */ = {
			isa = PBXGroup;
			children = (
				35E75B2A28EE1CC300D7EB22 /* Font */,
				3566080628DDFE3B001848A8 /* Models */,
				3566080328DDFC84001848A8 /* Managers */,
				356607FC28DDF5C0001848A8 /* Controllers */,
				35D25F8028D5E68700079729 /* AppDelegate.swift */,
				35D25F8228D5E68700079729 /* SceneDelegate.swift */,
				35D25F8C28D5E68A00079729 /* Assets.xcassets */,
				35D25F8E28D5E68A00079729 /* LaunchScreen.storyboard */,
				35D25F9128D5E68A00079729 /* Info.plist */,
				35D25F8928D5E68700079729 /* News_Crypto.xcdatamodeld */,
			);
			path = "News&Crypto";
			sourceTree = "<group>";
		};
		35E75B2A28EE1CC300D7EB22 /* Font */ = {
			isa = PBXGroup;
			children = (
				35E75B2C28EE1D0300D7EB22 /* Montserrat-Bold.ttf */,
				35E75B2D28EE1D0300D7EB22 /* Montserrat-ExtraBold.ttf */,
				35E75B2E28EE1D0300D7EB22 /* Montserrat-Light.ttf */,
				35E75B2F28EE1D0300D7EB22 /* Montserrat-Medium.ttf */,
				35E75B2B28EE1D0300D7EB22 /* Montserrat-Regular.ttf */,
			);
			path = Font;
			sourceTree = "<group>";
		};
		9A8BF1532426FF08D4F81C52 /* Pods */ = {
			isa = PBXGroup;
			children = (
				88213DE6CA5CA97E2438CB2A /* Pods-News&Crypto.debug.xcconfig */,
				1A0EE22A049942FAF34CBF91 /* Pods-News&Crypto.release.xcconfig */,
			);
			path = Pods;
			sourceTree = "<group>";
		};
		B814258D5C139EADCDBC363E /* Frameworks */ = {
			isa = PBXGroup;
			children = (
				C04A53CEA37FD74161597F57 /* Pods_News_Crypto.framework */,
			);
			name = Frameworks;
			sourceTree = "<group>";
		};
/* End PBXGroup section */

/* Begin PBXNativeTarget section */
		35D25F7C28D5E68700079729 /* News&Crypto */ = {
			isa = PBXNativeTarget;
			buildConfigurationList = 35D25F9428D5E68A00079729 /* Build configuration list for PBXNativeTarget "News&Crypto" */;
			buildPhases = (
				92D7B1BD6521684D8154A199 /* [CP] Check Pods Manifest.lock */,
				35D25F7928D5E68700079729 /* Sources */,
				35D25F7A28D5E68700079729 /* Frameworks */,
				35D25F7B28D5E68700079729 /* Resources */,
				2194227BEE6010B8FF92C6C4 /* [CP] Embed Pods Frameworks */,
			);
			buildRules = (
			);
			dependencies = (
			);
			name = "News&Crypto";
			productName = "News&Crypto";
			productReference = 35D25F7D28D5E68700079729 /* News&Crypto.app */;
			productType = "com.apple.product-type.application";
		};
/* End PBXNativeTarget section */

/* Begin PBXProject section */
		35D25F7528D5E68700079729 /* Project object */ = {
			isa = PBXProject;
			attributes = {
				BuildIndependentTargetsInParallel = 1;
				LastSwiftUpdateCheck = 1340;
				LastUpgradeCheck = 1340;
				TargetAttributes = {
					35D25F7C28D5E68700079729 = {
						CreatedOnToolsVersion = 13.4.1;
					};
				};
			};
			buildConfigurationList = 35D25F7828D5E68700079729 /* Build configuration list for PBXProject "News&Crypto" */;
			compatibilityVersion = "Xcode 13.0";
			developmentRegion = en;
			hasScannedForEncodings = 0;
			knownRegions = (
				en,
				Base,
			);
			mainGroup = 35D25F7428D5E68700079729;
			productRefGroup = 35D25F7E28D5E68700079729 /* Products */;
			projectDirPath = "";
			projectRoot = "";
			targets = (
				35D25F7C28D5E68700079729 /* News&Crypto */,
			);
		};
/* End PBXProject section */

/* Begin PBXResourcesBuildPhase section */
		35D25F7B28D5E68700079729 /* Resources */ = {
			isa = PBXResourcesBuildPhase;
			buildActionMask = 2147483647;
			files = (
				35E75B3328EE1D0300D7EB22 /* Montserrat-Light.ttf in Resources */,
				35E75B3228EE1D0300D7EB22 /* Montserrat-ExtraBold.ttf in Resources */,
				35E75B3128EE1D0300D7EB22 /* Montserrat-Bold.ttf in Resources */,
				35E75B3428EE1D0300D7EB22 /* Montserrat-Medium.ttf in Resources */,
				35E75B3028EE1D0300D7EB22 /* Montserrat-Regular.ttf in Resources */,
				35D25F9028D5E68A00079729 /* LaunchScreen.storyboard in Resources */,
				35D25F8D28D5E68A00079729 /* Assets.xcassets in Resources */,
			);
			runOnlyForDeploymentPostprocessing = 0;
		};
/* End PBXResourcesBuildPhase section */

/* Begin PBXShellScriptBuildPhase section */
		2194227BEE6010B8FF92C6C4 /* [CP] Embed Pods Frameworks */ = {
			isa = PBXShellScriptBuildPhase;
			buildActionMask = 2147483647;
			files = (
			);
			inputFileListPaths = (
				"${PODS_ROOT}/Target Support Files/Pods-News&Crypto/Pods-News&Crypto-frameworks-${CONFIGURATION}-input-files.xcfilelist",
			);
			name = "[CP] Embed Pods Frameworks";
			outputFileListPaths = (
				"${PODS_ROOT}/Target Support Files/Pods-News&Crypto/Pods-News&Crypto-frameworks-${CONFIGURATION}-output-files.xcfilelist",
			);
			runOnlyForDeploymentPostprocessing = 0;
			shellPath = /bin/sh;
			shellScript = "\"${PODS_ROOT}/Target Support Files/Pods-News&Crypto/Pods-News&Crypto-frameworks.sh\"\n";
			showEnvVarsInLog = 0;
		};
		92D7B1BD6521684D8154A199 /* [CP] Check Pods Manifest.lock */ = {
			isa = PBXShellScriptBuildPhase;
			buildActionMask = 2147483647;
			files = (
			);
			inputFileListPaths = (
			);
			inputPaths = (
				"${PODS_PODFILE_DIR_PATH}/Podfile.lock",
				"${PODS_ROOT}/Manifest.lock",
			);
			name = "[CP] Check Pods Manifest.lock";
			outputFileListPaths = (
			);
			outputPaths = (
				"$(DERIVED_FILE_DIR)/Pods-News&Crypto-checkManifestLockResult.txt",
			);
			runOnlyForDeploymentPostprocessing = 0;
			shellPath = /bin/sh;
			shellScript = "diff \"${PODS_PODFILE_DIR_PATH}/Podfile.lock\" \"${PODS_ROOT}/Manifest.lock\" > /dev/null\nif [ $? != 0 ] ; then\n    # print error to STDERR\n    echo \"error: The sandbox is not in sync with the Podfile.lock. Run 'pod install' or update your CocoaPods installation.\" >&2\n    exit 1\nfi\n# This output is used by Xcode 'outputs' to avoid re-running this script phase.\necho \"SUCCESS\" > \"${SCRIPT_OUTPUT_FILE_0}\"\n";
			showEnvVarsInLog = 0;
		};
/* End PBXShellScriptBuildPhase section */

/* Begin PBXSourcesBuildPhase section */
		35D25F7928D5E68700079729 /* Sources */ = {
			isa = PBXSourcesBuildPhase;
			buildActionMask = 2147483647;
			files = (
				3566080A28DDFE7E001848A8 /* CoinModel.swift in Sources */,
				356607FE28DDF5D5001848A8 /* HomeViewController.swift in Sources */,
				35D25F8528D5E68700079729 /* MainTabBarController.swift in Sources */,
				35D25F8B28D5E68700079729 /* News_Crypto.xcdatamodeld in Sources */,
				35D25F8128D5E68700079729 /* AppDelegate.swift in Sources */,
				3566080828DDFE4E001848A8 /* NewsStoryModel.swift in Sources */,
				35D25F8328D5E68700079729 /* SceneDelegate.swift in Sources */,
				3566080528DDFCB5001848A8 /* NetworkingManager.swift in Sources */,
				3566080028DDF5EB001848A8 /* SettingsViewController.swift in Sources */,
				3566080228DDF61D001848A8 /* WalletTableTableViewController.swift in Sources */,
			);
			runOnlyForDeploymentPostprocessing = 0;
		};
/* End PBXSourcesBuildPhase section */

/* Begin PBXVariantGroup section */
		35D25F8E28D5E68A00079729 /* LaunchScreen.storyboard */ = {
			isa = PBXVariantGroup;
			children = (
				35D25F8F28D5E68A00079729 /* Base */,
			);
			name = LaunchScreen.storyboard;
			sourceTree = "<group>";
		};
/* End PBXVariantGroup section */

/* Begin XCBuildConfiguration section */
		35D25F9228D5E68A00079729 /* Debug */ = {
			isa = XCBuildConfiguration;
			buildSettings = {
				ALWAYS_SEARCH_USER_PATHS = NO;
				CLANG_ANALYZER_NONNULL = YES;
				CLANG_ANALYZER_NUMBER_OBJECT_CONVERSION = YES_AGGRESSIVE;
				CLANG_CXX_LANGUAGE_STANDARD = "gnu++17";
				CLANG_ENABLE_MODULES = YES;
				CLANG_ENABLE_OBJC_ARC = YES;
				CLANG_ENABLE_OBJC_WEAK = YES;
				CLANG_WARN_BLOCK_CAPTURE_AUTORELEASING = YES;
				CLANG_WARN_BOOL_CONVERSION = YES;
				CLANG_WARN_COMMA = YES;
				CLANG_WARN_CONSTANT_CONVERSION = YES;
				CLANG_WARN_DEPRECATED_OBJC_IMPLEMENTATIONS = YES;
				CLANG_WARN_DIRECT_OBJC_ISA_USAGE = YES_ERROR;
				CLANG_WARN_DOCUMENTATION_COMMENTS = YES;
				CLANG_WARN_EMPTY_BODY = YES;
				CLANG_WARN_ENUM_CONVERSION = YES;
				CLANG_WARN_INFINITE_RECURSION = YES;
				CLANG_WARN_INT_CONVERSION = YES;
				CLANG_WARN_NON_LITERAL_NULL_CONVERSION = YES;
				CLANG_WARN_OBJC_IMPLICIT_RETAIN_SELF = YES;
				CLANG_WARN_OBJC_LITERAL_CONVERSION = YES;
				CLANG_WARN_OBJC_ROOT_CLASS = YES_ERROR;
				CLANG_WARN_QUOTED_INCLUDE_IN_FRAMEWORK_HEADER = YES;
				CLANG_WARN_RANGE_LOOP_ANALYSIS = YES;
				CLANG_WARN_STRICT_PROTOTYPES = YES;
				CLANG_WARN_SUSPICIOUS_MOVE = YES;
				CLANG_WARN_UNGUARDED_AVAILABILITY = YES_AGGRESSIVE;
				CLANG_WARN_UNREACHABLE_CODE = YES;
				CLANG_WARN__DUPLICATE_METHOD_MATCH = YES;
				COPY_PHASE_STRIP = NO;
				DEBUG_INFORMATION_FORMAT = dwarf;
				ENABLE_STRICT_OBJC_MSGSEND = YES;
				ENABLE_TESTABILITY = YES;
				GCC_C_LANGUAGE_STANDARD = gnu11;
				GCC_DYNAMIC_NO_PIC = NO;
				GCC_NO_COMMON_BLOCKS = YES;
				GCC_OPTIMIZATION_LEVEL = 0;
				GCC_PREPROCESSOR_DEFINITIONS = (
					"DEBUG=1",
					"$(inherited)",
				);
				GCC_WARN_64_TO_32_BIT_CONVERSION = YES;
				GCC_WARN_ABOUT_RETURN_TYPE = YES_ERROR;
				GCC_WARN_UNDECLARED_SELECTOR = YES;
				GCC_WARN_UNINITIALIZED_AUTOS = YES_AGGRESSIVE;
				GCC_WARN_UNUSED_FUNCTION = YES;
				GCC_WARN_UNUSED_VARIABLE = YES;
				IPHONEOS_DEPLOYMENT_TARGET = 15.5;
				MTL_ENABLE_DEBUG_INFO = INCLUDE_SOURCE;
				MTL_FAST_MATH = YES;
				ONLY_ACTIVE_ARCH = YES;
				SDKROOT = iphoneos;
				SWIFT_ACTIVE_COMPILATION_CONDITIONS = DEBUG;
				SWIFT_OPTIMIZATION_LEVEL = "-Onone";
			};
			name = Debug;
		};
		35D25F9328D5E68A00079729 /* Release */ = {
			isa = XCBuildConfiguration;
			buildSettings = {
				ALWAYS_SEARCH_USER_PATHS = NO;
				CLANG_ANALYZER_NONNULL = YES;
				CLANG_ANALYZER_NUMBER_OBJECT_CONVERSION = YES_AGGRESSIVE;
				CLANG_CXX_LANGUAGE_STANDARD = "gnu++17";
				CLANG_ENABLE_MODULES = YES;
				CLANG_ENABLE_OBJC_ARC = YES;
				CLANG_ENABLE_OBJC_WEAK = YES;
				CLANG_WARN_BLOCK_CAPTURE_AUTORELEASING = YES;
				CLANG_WARN_BOOL_CONVERSION = YES;
				CLANG_WARN_COMMA = YES;
				CLANG_WARN_CONSTANT_CONVERSION = YES;
				CLANG_WARN_DEPRECATED_OBJC_IMPLEMENTATIONS = YES;
				CLANG_WARN_DIRECT_OBJC_ISA_USAGE = YES_ERROR;
				CLANG_WARN_DOCUMENTATION_COMMENTS = YES;
				CLANG_WARN_EMPTY_BODY = YES;
				CLANG_WARN_ENUM_CONVERSION = YES;
				CLANG_WARN_INFINITE_RECURSION = YES;
				CLANG_WARN_INT_CONVERSION = YES;
				CLANG_WARN_NON_LITERAL_NULL_CONVERSION = YES;
				CLANG_WARN_OBJC_IMPLICIT_RETAIN_SELF = YES;
				CLANG_WARN_OBJC_LITERAL_CONVERSION = YES;
				CLANG_WARN_OBJC_ROOT_CLASS = YES_ERROR;
				CLANG_WARN_QUOTED_INCLUDE_IN_FRAMEWORK_HEADER = YES;
				CLANG_WARN_RANGE_LOOP_ANALYSIS = YES;
				CLANG_WARN_STRICT_PROTOTYPES = YES;
				CLANG_WARN_SUSPICIOUS_MOVE = YES;
				CLANG_WARN_UNGUARDED_AVAILABILITY = YES_AGGRESSIVE;
				CLANG_WARN_UNREACHABLE_CODE = YES;
				CLANG_WARN__DUPLICATE_METHOD_MATCH = YES;
				COPY_PHASE_STRIP = NO;
				DEBUG_INFORMATION_FORMAT = "dwarf-with-dsym";
				ENABLE_NS_ASSERTIONS = NO;
				ENABLE_STRICT_OBJC_MSGSEND = YES;
				GCC_C_LANGUAGE_STANDARD = gnu11;
				GCC_NO_COMMON_BLOCKS = YES;
				GCC_WARN_64_TO_32_BIT_CONVERSION = YES;
				GCC_WARN_ABOUT_RETURN_TYPE = YES_ERROR;
				GCC_WARN_UNDECLARED_SELECTOR = YES;
				GCC_WARN_UNINITIALIZED_AUTOS = YES_AGGRESSIVE;
				GCC_WARN_UNUSED_FUNCTION = YES;
				GCC_WARN_UNUSED_VARIABLE = YES;
				IPHONEOS_DEPLOYMENT_TARGET = 15.5;
				MTL_ENABLE_DEBUG_INFO = NO;
				MTL_FAST_MATH = YES;
				SDKROOT = iphoneos;
				SWIFT_COMPILATION_MODE = wholemodule;
				SWIFT_OPTIMIZATION_LEVEL = "-O";
				VALIDATE_PRODUCT = YES;
			};
			name = Release;
		};
		35D25F9528D5E68A00079729 /* Debug */ = {
			isa = XCBuildConfiguration;
			baseConfigurationReference = 88213DE6CA5CA97E2438CB2A /* Pods-News&Crypto.debug.xcconfig */;
			buildSettings = {
				ASSETCATALOG_COMPILER_APPICON_NAME = AppIcon;
				ASSETCATALOG_COMPILER_GLOBAL_ACCENT_COLOR_NAME = AccentColor;
				CODE_SIGN_STYLE = Automatic;
				CURRENT_PROJECT_VERSION = 1;
				DEVELOPMENT_TEAM = JVDQ9Y8FXL;
				GENERATE_INFOPLIST_FILE = YES;
				INFOPLIST_FILE = "News&Crypto/Info.plist";
				INFOPLIST_KEY_UIApplicationSupportsIndirectInputEvents = YES;
				INFOPLIST_KEY_UILaunchStoryboardName = LaunchScreen;
				INFOPLIST_KEY_UISupportedInterfaceOrientations_iPad = "UIInterfaceOrientationPortrait UIInterfaceOrientationPortraitUpsideDown UIInterfaceOrientationLandscapeLeft UIInterfaceOrientationLandscapeRight";
				INFOPLIST_KEY_UISupportedInterfaceOrientations_iPhone = "UIInterfaceOrientationPortrait UIInterfaceOrientationLandscapeLeft UIInterfaceOrientationLandscapeRight";
				LD_RUNPATH_SEARCH_PATHS = (
					"$(inherited)",
					"@executable_path/Frameworks",
				);
				MARKETING_VERSION = 1.0;
				PRODUCT_BUNDLE_IDENTIFIER = "pewpew.News-Crypto";
				PRODUCT_NAME = "$(TARGET_NAME)";
				SWIFT_EMIT_LOC_STRINGS = YES;
				SWIFT_VERSION = 5.0;
				TARGETED_DEVICE_FAMILY = "1,2";
			};
			name = Debug;
		};
		35D25F9628D5E68A00079729 /* Release */ = {
			isa = XCBuildConfiguration;
			baseConfigurationReference = 1A0EE22A049942FAF34CBF91 /* Pods-News&Crypto.release.xcconfig */;
			buildSettings = {
				ASSETCATALOG_COMPILER_APPICON_NAME = AppIcon;
				ASSETCATALOG_COMPILER_GLOBAL_ACCENT_COLOR_NAME = AccentColor;
				CODE_SIGN_STYLE = Automatic;
				CURRENT_PROJECT_VERSION = 1;
				DEVELOPMENT_TEAM = JVDQ9Y8FXL;
				GENERATE_INFOPLIST_FILE = YES;
				INFOPLIST_FILE = "News&Crypto/Info.plist";
				INFOPLIST_KEY_UIApplicationSupportsIndirectInputEvents = YES;
				INFOPLIST_KEY_UILaunchStoryboardName = LaunchScreen;
				INFOPLIST_KEY_UISupportedInterfaceOrientations_iPad = "UIInterfaceOrientationPortrait UIInterfaceOrientationPortraitUpsideDown UIInterfaceOrientationLandscapeLeft UIInterfaceOrientationLandscapeRight";
				INFOPLIST_KEY_UISupportedInterfaceOrientations_iPhone = "UIInterfaceOrientationPortrait UIInterfaceOrientationLandscapeLeft UIInterfaceOrientationLandscapeRight";
				LD_RUNPATH_SEARCH_PATHS = (
					"$(inherited)",
					"@executable_path/Frameworks",
				);
				MARKETING_VERSION = 1.0;
				PRODUCT_BUNDLE_IDENTIFIER = "pewpew.News-Crypto";
				PRODUCT_NAME = "$(TARGET_NAME)";
				SWIFT_EMIT_LOC_STRINGS = YES;
				SWIFT_VERSION = 5.0;
				TARGETED_DEVICE_FAMILY = "1,2";
			};
			name = Release;
		};
/* End XCBuildConfiguration section */

/* Begin XCConfigurationList section */
		35D25F7828D5E68700079729 /* Build configuration list for PBXProject "News&Crypto" */ = {
			isa = XCConfigurationList;
			buildConfigurations = (
				35D25F9228D5E68A00079729 /* Debug */,
				35D25F9328D5E68A00079729 /* Release */,
			);
			defaultConfigurationIsVisible = 0;
			defaultConfigurationName = Release;
		};
		35D25F9428D5E68A00079729 /* Build configuration list for PBXNativeTarget "News&Crypto" */ = {
			isa = XCConfigurationList;
			buildConfigurations = (
				35D25F9528D5E68A00079729 /* Debug */,
				35D25F9628D5E68A00079729 /* Release */,
			);
			defaultConfigurationIsVisible = 0;
			defaultConfigurationName = Release;
		};
/* End XCConfigurationList section */

/* Begin XCVersionGroup section */
		35D25F8928D5E68700079729 /* News_Crypto.xcdatamodeld */ = {
			isa = XCVersionGroup;
			children = (
				35D25F8A28D5E68700079729 /* News_Crypto.xcdatamodel */,
			);
			currentVersion = 35D25F8A28D5E68700079729 /* News_Crypto.xcdatamodel */;
			path = News_Crypto.xcdatamodeld;
			sourceTree = "<group>";
			versionGroupType = wrapper.xcdatamodel;
		};
/* End XCVersionGroup section */
	};
	rootObject = 35D25F7528D5E68700079729 /* Project object */;
}
